{
  "requires": true,
  "lockfileVersion": 1,
  "dependencies": {
    "react-dimmer": {
      "version": "1.0.7",
      "resolved": "https://registry.npmjs.org/react-dimmer/-/react-dimmer-1.0.7.tgz",
      "integrity": "sha512-WgS19MiBA/geVpy/PHhhmcoujP1/OJ4v5M/nwpaQZq8cytt9dHHLxNk+xCgVefS0SKRKnNpY45BpvUcsZpsxfw=="
    }
  }
}
